{
  "version": 4,
  "terraform_version": "1.3.7",
  "serial": 3,
  "lineage": "ed1ece32-d49d-8e0a-c560-3afad1dc4a4f",
  "outputs": {
    "jenkins_ip": {
      "value": "134.122.24.177",
      "type": "string"
    }
  },
  "resources": [
    {
      "mode": "data",
      "type": "digitalocean_ssh_key",
      "name": "ssh_key",
      "provider": "provider[\"registry.terraform.io/digitalocean/digitalocean\"]",
      "instances": [
        {
          "schema_version": 0,
          "attributes": {
            "fingerprint": "b5:1c:e2:ce:8e:4c:d4:19:e3:fd:2f:d9:31:f4:48:fb",
            "id": 37358607,
            "name": "treinamento-kubernetes",
            "public_key": "ssh-rsa AAAAB3NzaC1yc2EAAAADAQABAAABAQDd40rJBxd2bCHyOFxOb2bpEawb3bySVMoQmBOr5fTVOcFH+y3J36e6qDPk6PhK4Wd3c/lNewW70tZiEZXwglncXqURwWFwNahnZWZXqon+rjYahJapZkK/GNRcd/0eUlFm3hddHeGKaE86bBQCtxTBSAksz4EGGjJDQC1vvVlSKyYvYPbJHnDUCaXTKGND8T82iydhS+LCTzXA2Ejme8fvRZnfscN3sFKpZq8P65NwoOHHYkiUljP3uBISq/IeE319/+rgdf2KNVjye36fFxWWtrMcz4/yHzm50am29TNLwmYi31Nz2jvzb2QfnEBtaPKDuQePbXGK14Y5ihWepAhh joao@joao"
          },
          "sensitive_attributes": []
        }
      ]
    },
    {
      "mode": "managed",
      "type": "digitalocean_droplet",
      "name": "jenkins",
      "provider": "provider[\"registry.terraform.io/digitalocean/digitalocean\"]",
      "instances": [
        {
          "schema_version": 1,
          "attributes": {
            "backups": false,
            "created_at": "2023-01-27T00:54:32Z",
            "disk": 60,
            "droplet_agent": null,
            "graceful_shutdown": false,
            "id": "337739771",
            "image": "ubuntu-22-04-x64",
            "ipv4_address": "134.122.24.177",
            "ipv4_address_private": "10.116.0.2",
            "ipv6": false,
            "ipv6_address": "",
            "locked": false,
            "memory": 2048,
            "monitoring": false,
            "name": "jenkins",
            "price_hourly": 0.02679,
            "price_monthly": 18,
            "private_networking": true,
            "region": "nyc1",
            "resize_disk": true,
            "size": "s-2vcpu-2gb",
            "ssh_keys": [
              "37358607"
            ],
            "status": "active",
            "tags": null,
            "timeouts": null,
            "urn": "do:droplet:337739771",
            "user_data": null,
            "vcpus": 2,
            "volume_ids": [],
            "vpc_uuid": "89b56c65-370c-4b0e-9629-29f51f008767"
          },
          "sensitive_attributes": [],
          "private": "eyJlMmJmYjczMC1lY2FhLTExZTYtOGY4OC0zNDM2M2JjN2M0YzAiOnsiY3JlYXRlIjozNjAwMDAwMDAwMDAwLCJkZWxldGUiOjYwMDAwMDAwMDAwLCJ1cGRhdGUiOjM2MDAwMDAwMDAwMDB9LCJzY2hlbWFfdmVyc2lvbiI6IjEifQ==",
          "dependencies": [
            "data.digitalocean_ssh_key.ssh_key"
          ]
        }
      ]
    },
    {
      "mode": "managed",
      "type": "local_file",
      "name": "foo",
      "provider": "provider[\"registry.terraform.io/hashicorp/local\"]",
      "instances": []
    }
  ],
  "check_results": null
}
